
Microsoft Visual Studio Solution File, Format Version 12.00
# Visual Studio Version 16
VisualStudioVersion = 16.0.31424.327
MinimumVisualStudioVersion = 10.0.40219.1
Project("{FAE04EC0-301F-11D3-BF4B-00C04F79EFBC}") = "BibliotecaScolastica", "BibliotecaScolastica.csproj", "{82BCBA8D-1799-49F5-8900-F1F443CE1B04}"
EndProject
Global
	GlobalSection(SolutionConfigurationPlatforms) = preSolution
		Debug|Any CPU = Debug|Any CPU
		Release|Any CPU = Release|Any CPU
	EndGlobalSection
	GlobalSection(ProjectConfigurationPlatforms) = postSolution
		{82BCBA8D-1799-49F5-8900-F1F443CE1B04}.Debug|Any CPU.ActiveCfg = Debug|Any CPU
		{82BCBA8D-1799-49F5-8900-F1F443CE1B04}.Debug|Any CPU.Build.0 = Debug|Any CPU
		{82BCBA8D-1799-49F5-8900-F1F443CE1B04}.Release|Any CPU.ActiveCfg = Release|Any CPU
		{82BCBA8D-1799-49F5-8900-F1F443CE1B04}.Release|Any CPU.Build.0 = Release|Any CPU
	EndGlobalSection
	GlobalSection(SolutionProperties) = preSolution
		HideSolutionNode = FALSE
	EndGlobalSection
	GlobalSection(ExtensibilityGlobals) = postSolution
		SolutionGuid = {E3194E96-C702-4672-893C-147055172AD6}
	EndGlobalSection
EndGlobal
